
Microsoft Visual Studio Solution File, Format Version 12.00
# Visual Studio Version 16
VisualStudioVersion = 16.0.29709.97
MinimumVisualStudioVersion = 10.0.40219.1
Project("{FAE04EC0-301F-11D3-BF4B-00C04F79EFBC}") = "MGRescue_System", "MGRescue_System.csproj", "{3FB1D7F2-E19B-4CBB-94CC-613BF44577B0}"
EndProject
Global
	GlobalSection(SolutionConfigurationPlatforms) = preSolution
		Debug|Any CPU = Debug|Any CPU
		Release|Any CPU = Release|Any CPU
	EndGlobalSection
	GlobalSection(ProjectConfigurationPlatforms) = postSolution
		{3FB1D7F2-E19B-4CBB-94CC-613BF44577B0}.Debug|Any CPU.ActiveCfg = Debug|Any CPU
		{3FB1D7F2-E19B-4CBB-94CC-613BF44577B0}.Debug|Any CPU.Build.0 = Debug|Any CPU
		{3FB1D7F2-E19B-4CBB-94CC-613BF44577B0}.Release|Any CPU.ActiveCfg = Debug|Any CPU
		{3FB1D7F2-E19B-4CBB-94CC-613BF44577B0}.Release|Any CPU.Build.0 = Debug|Any CPU
	EndGlobalSection
	GlobalSection(SolutionProperties) = preSolution
		HideSolutionNode = FALSE
	EndGlobalSection
	GlobalSection(ExtensibilityGlobals) = postSolution
		SolutionGuid = {76DA9F3B-77CA-44C9-9DD1-457D30BC480E}
	EndGlobalSection
EndGlobal
